// !$*UTF8*$!
{
	archiveVersion = 1;
	classes = {
	};
	objectVersion = 46;
	objects = {

/* Begin PBXBuildFile section */
		3B4BF1EF14A3C35400AEC565 /* AxesDrawer.m in Sources */ = {isa = PBXBuildFile; fileRef = 3B4BF1EE14A3C35400AEC565 /* AxesDrawer.m */; };
		3B4BF1F414A3C38C00AEC565 /* CalculatorGraphViewController.m in Sources */ = {isa = PBXBuildFile; fileRef = 3B4BF1F214A3C38C00AEC565 /* CalculatorGraphViewController.m */; };
		3B4BF1F814A3E6D900AEC565 /* CalculatorGraphView.m in Sources */ = {isa = PBXBuildFile; fileRef = 3B4BF1F714A3E6D900AEC565 /* CalculatorGraphView.m */; };
		3B681D3F14B7B5E0006DB563 /* iPad.storyboard in Resources */ = {isa = PBXBuildFile; fileRef = 3B681D3E14B7B5E0006DB563 /* iPad.storyboard */; };
		3B84CE84148704A700FAF49C /* UIKit.framework in Frameworks */ = {isa = PBXBuildFile; fileRef = 3B84CE83148704A700FAF49C /* UIKit.framework */; };
		3B84CE86148704A700FAF49C /* Foundation.framework in Frameworks */ = {isa = PBXBuildFile; fileRef = 3B84CE85148704A700FAF49C /* Foundation.framework */; };
		3B84CE88148704A700FAF49C /* CoreGraphics.framework in Frameworks */ = {isa = PBXBuildFile; fileRef = 3B84CE87148704A700FAF49C /* CoreGraphics.framework */; };
		3B84CE8E148704A700FAF49C /* InfoPlist.strings in Resources */ = {isa = PBXBuildFile; fileRef = 3B84CE8C148704A700FAF49C /* InfoPlist.strings */; };
		3B84CE90148704A700FAF49C /* main.m in Sources */ = {isa = PBXBuildFile; fileRef = 3B84CE8F148704A700FAF49C /* main.m */; };
		3B84CE94148704A700FAF49C /* CalculatorAppDelegate.m in Sources */ = {isa = PBXBuildFile; fileRef = 3B84CE93148704A700FAF49C /* CalculatorAppDelegate.m */; };
		3B84CE97148704A700FAF49C /* iPhone.storyboard in Resources */ = {isa = PBXBuildFile; fileRef = 3B84CE95148704A700FAF49C /* iPhone.storyboard */; };
		3B84CE9A148704A700FAF49C /* CalculatorViewController.m in Sources */ = {isa = PBXBuildFile; fileRef = 3B84CE99148704A700FAF49C /* CalculatorViewController.m */; };
		3B84CEA21488514100FAF49C /* CalculatorBrain.m in Sources */ = {isa = PBXBuildFile; fileRef = 3B84CEA11488514100FAF49C /* CalculatorBrain.m */; };
		3B85DA9814D36C1A00E00A16 /* CalculatorFavoritesTableViewController.m in Sources */ = {isa = PBXBuildFile; fileRef = 3B85DA9714D36C1A00E00A16 /* CalculatorFavoritesTableViewController.m */; };
/* End PBXBuildFile section */

/* Begin PBXFileReference section */
		3B4BF1ED14A3C35400AEC565 /* AxesDrawer.h */ = {isa = PBXFileReference; fileEncoding = 4; lastKnownFileType = sourcecode.c.h; path = AxesDrawer.h; sourceTree = "<group>"; };
		3B4BF1EE14A3C35400AEC565 /* AxesDrawer.m */ = {isa = PBXFileReference; fileEncoding = 4; lastKnownFileType = sourcecode.c.objc; path = AxesDrawer.m; sourceTree = "<group>"; };
		3B4BF1F114A3C38C00AEC565 /* CalculatorGraphViewController.h */ = {isa = PBXFileReference; fileEncoding = 4; path = CalculatorGraphViewController.h; sourceTree = "<group>"; };
		3B4BF1F214A3C38C00AEC565 /* CalculatorGraphViewController.m */ = {isa = PBXFileReference; fileEncoding = 4; lastKnownFileType = sourcecode.c.objc; path = CalculatorGraphViewController.m; sourceTree = "<group>"; };
		3B4BF1F614A3E6D900AEC565 /* CalculatorGraphView.h */ = {isa = PBXFileReference; fileEncoding = 4; path = CalculatorGraphView.h; sourceTree = "<group>"; };
		3B4BF1F714A3E6D900AEC565 /* CalculatorGraphView.m */ = {isa = PBXFileReference; fileEncoding = 4; lastKnownFileType = sourcecode.c.objc; path = CalculatorGraphView.m; sourceTree = "<group>"; };
		3B681D3E14B7B5E0006DB563 /* iPad.storyboard */ = {isa = PBXFileReference; fileEncoding = 4; lastKnownFileType = file.storyboard; path = iPad.storyboard; sourceTree = "<group>"; };
		3B84CE7F148704A700FAF49C /* Calculator.app */ = {isa = PBXFileReference; explicitFileType = wrapper.application; includeInIndex = 0; path = Calculator.app; sourceTree = BUILT_PRODUCTS_DIR; };
		3B84CE83148704A700FAF49C /* UIKit.framework */ = {isa = PBXFileReference; lastKnownFileType = wrapper.framework; name = UIKit.framework; path = System/Library/Frameworks/UIKit.framework; sourceTree = SDKROOT; };
		3B84CE85148704A700FAF49C /* Foundation.framework */ = {isa = PBXFileReference; lastKnownFileType = wrapper.framework; name = Foundation.framework; path = System/Library/Frameworks/Foundation.framework; sourceTree = SDKROOT; };
		3B84CE87148704A700FAF49C /* CoreGraphics.framework */ = {isa = PBXFileReference; lastKnownFileType = wrapper.framework; name = CoreGraphics.framework; path = System/Library/Frameworks/CoreGraphics.framework; sourceTree = SDKROOT; };
		3B84CE8B148704A700FAF49C /* Calculator-Info.plist */ = {isa = PBXFileReference; lastKnownFileType = text.plist.xml; path = "Calculator-Info.plist"; sourceTree = "<group>"; };
		3B84CE8D148704A700FAF49C /* en */ = {isa = PBXFileReference; lastKnownFileType = text.plist.strings; name = en; path = en.lproj/InfoPlist.strings; sourceTree = "<group>"; };
		3B84CE8F148704A700FAF49C /* main.m */ = {isa = PBXFileReference; lastKnownFileType = sourcecode.c.objc; path = main.m; sourceTree = "<group>"; };
		3B84CE91148704A700FAF49C /* Calculator-Prefix.pch */ = {isa = PBXFileReference; lastKnownFileType = sourcecode.c.h; path = "Calculator-Prefix.pch"; sourceTree = "<group>"; };
		3B84CE92148704A700FAF49C /* CalculatorAppDelegate.h */ = {isa = PBXFileReference; lastKnownFileType = sourcecode.c.h; path = CalculatorAppDelegate.h; sourceTree = "<group>"; };
		3B84CE93148704A700FAF49C /* CalculatorAppDelegate.m */ = {isa = PBXFileReference; lastKnownFileType = sourcecode.c.objc; path = CalculatorAppDelegate.m; sourceTree = "<group>"; };
		3B84CE96148704A700FAF49C /* en */ = {isa = PBXFileReference; lastKnownFileType = file.storyboard; name = en; path = en.lproj/iPhone.storyboard; sourceTree = "<group>"; };
		3B84CE98148704A700FAF49C /* CalculatorViewController.h */ = {isa = PBXFileReference; lastKnownFileType = sourcecode.c.h; path = CalculatorViewController.h; sourceTree = "<group>"; };
		3B84CE99148704A700FAF49C /* CalculatorViewController.m */ = {isa = PBXFileReference; lastKnownFileType = sourcecode.c.objc; path = CalculatorViewController.m; sourceTree = "<group>"; };
		3B84CEA01488514100FAF49C /* CalculatorBrain.h */ = {isa = PBXFileReference; fileEncoding = 4; lastKnownFileType = sourcecode.c.h; path = CalculatorBrain.h; sourceTree = "<group>"; };
		3B84CEA11488514100FAF49C /* CalculatorBrain.m */ = {isa = PBXFileReference; fileEncoding = 4; lastKnownFileType = sourcecode.c.objc; path = CalculatorBrain.m; sourceTree = "<group>"; };
		3B85DA9614D36C1900E00A16 /* CalculatorFavoritesTableViewController.h */ = {isa = PBXFileReference; fileEncoding = 4; path = CalculatorFavoritesTableViewController.h; sourceTree = "<group>"; };
		3B85DA9714D36C1A00E00A16 /* CalculatorFavoritesTableViewController.m */ = {isa = PBXFileReference; fileEncoding = 4; lastKnownFileType = sourcecode.c.objc; path = CalculatorFavoritesTableViewController.m; sourceTree = "<group>"; };
/* End PBXFileReference section */

/* Begin PBXFrameworksBuildPhase section */
		3B84CE7C148704A700FAF49C /* Frameworks */ = {
			isa = PBXFrameworksBuildPhase;
			buildActionMask = 2147483647;
			files = (
				3B84CE84148704A700FAF49C /* UIKit.framework in Frameworks */,
				3B84CE86148704A700FAF49C /* Foundation.framework in Frameworks */,
				3B84CE88148704A700FAF49C /* CoreGraphics.framework in Frameworks */,
			);
			runOnlyForDeploymentPostprocessing = 0;
		};
/* End PBXFrameworksBuildPhase section */

/* Begin PBXGroup section */
		3B84CE74148704A600FAF49C = {
			isa = PBXGroup;
			children = (
				3B84CE89148704A700FAF49C /* Calculator */,
				3B84CE82148704A700FAF49C /* Frameworks */,
				3B84CE80148704A700FAF49C /* Products */,
			);
			sourceTree = "<group>";
		};
		3B84CE80148704A700FAF49C /* Products */ = {
			isa = PBXGroup;
			children = (
				3B84CE7F148704A700FAF49C /* Calculator.app */,
			);
			name = Products;
			sourceTree = "<group>";
		};
		3B84CE82148704A700FAF49C /* Frameworks */ = {
			isa = PBXGroup;
			children = (
				3B84CE83148704A700FAF49C /* UIKit.framework */,
				3B84CE85148704A700FAF49C /* Foundation.framework */,
				3B84CE87148704A700FAF49C /* CoreGraphics.framework */,
			);
			name = Frameworks;
			sourceTree = "<group>";
		};
		3B84CE89148704A700FAF49C /* Calculator */ = {
			isa = PBXGroup;
			children = (
				3B84CE92148704A700FAF49C /* CalculatorAppDelegate.h */,
				3B84CE93148704A700FAF49C /* CalculatorAppDelegate.m */,
				3B84CEA01488514100FAF49C /* CalculatorBrain.h */,
				3B84CEA11488514100FAF49C /* CalculatorBrain.m */,
				3B84CE98148704A700FAF49C /* CalculatorViewController.h */,
				3B84CE99148704A700FAF49C /* CalculatorViewController.m */,
				3B4BF1F114A3C38C00AEC565 /* CalculatorGraphViewController.h */,
				3B4BF1F214A3C38C00AEC565 /* CalculatorGraphViewController.m */,
				3B4BF1F614A3E6D900AEC565 /* CalculatorGraphView.h */,
				3B4BF1F714A3E6D900AEC565 /* CalculatorGraphView.m */,
				3B4BF1ED14A3C35400AEC565 /* AxesDrawer.h */,
				3B4BF1EE14A3C35400AEC565 /* AxesDrawer.m */,
				3B85DA9614D36C1900E00A16 /* CalculatorFavoritesTableViewController.h */,
				3B85DA9714D36C1A00E00A16 /* CalculatorFavoritesTableViewController.m */,
				3B681D3E14B7B5E0006DB563 /* iPad.storyboard */,
				3B84CE95148704A700FAF49C /* iPhone.storyboard */,
				3B84CE8A148704A700FAF49C /* Supporting Files */,
			);
			path = Calculator;
			sourceTree = "<group>";
		};
		3B84CE8A148704A700FAF49C /* Supporting Files */ = {
			isa = PBXGroup;
			children = (
				3B84CE8B148704A700FAF49C /* Calculator-Info.plist */,
				3B84CE8C148704A700FAF49C /* InfoPlist.strings */,
				3B84CE8F148704A700FAF49C /* main.m */,
				3B84CE91148704A700FAF49C /* Calculator-Prefix.pch */,
			);
			name = "Supporting Files";
			sourceTree = "<group>";
		};
/* End PBXGroup section */

/* Begin PBXNativeTarget section */
		3B84CE7E148704A700FAF49C /* Calculator */ = {
			isa = PBXNativeTarget;
			buildConfigurationList = 3B84CE9D148704A700FAF49C /* Build configuration list for PBXNativeTarget "Calculator" */;
			buildPhases = (
				3B84CE7B148704A700FAF49C /* Sources */,
				3B84CE7C148704A700FAF49C /* Frameworks */,
				3B84CE7D148704A700FAF49C /* Resources */,
			);
			buildRules = (
			);
			dependencies = (
			);
			name = Calculator;
			productName = Calculator;
			productReference = 3B84CE7F148704A700FAF49C /* Calculator.app */;
			productType = "com.apple.product-type.application";
		};
/* End PBXNativeTarget section */

/* Begin PBXProject section */
		3B84CE76148704A600FAF49C /* Project object */ = {
			isa = PBXProject;
			attributes = {
				LastUpgradeCheck = 0420;
			};
			buildConfigurationList = 3B84CE79148704A600FAF49C /* Build configuration list for PBXProject "Calculator" */;
			compatibilityVersion = "Xcode 3.2";
			developmentRegion = English;
			hasScannedForEncodings = 0;
			knownRegions = (
				en,
			);
			mainGroup = 3B84CE74148704A600FAF49C;
			productRefGroup = 3B84CE80148704A700FAF49C /* Products */;
			projectDirPath = "";
			projectRoot = "";
			targets = (
				3B84CE7E148704A700FAF49C /* Calculator */,
			);
		};
/* End PBXProject section */

/* Begin PBXResourcesBuildPhase section */
		3B84CE7D148704A700FAF49C /* Resources */ = {
			isa = PBXResourcesBuildPhase;
			buildActionMask = 2147483647;
			files = (
				3B84CE8E148704A700FAF49C /* InfoPlist.strings in Resources */,
				3B84CE97148704A700FAF49C /* iPhone.storyboard in Resources */,
				3B681D3F14B7B5E0006DB563 /* iPad.storyboard in Resources */,
			);
			runOnlyForDeploymentPostprocessing = 0;
		};
/* End PBXResourcesBuildPhase section */

/* Begin PBXSourcesBuildPhase section */
		3B84CE7B148704A700FAF49C /* Sources */ = {
			isa = PBXSourcesBuildPhase;
			buildActionMask = 2147483647;
			files = (
				3B84CE90148704A700FAF49C /* main.m in Sources */,
				3B84CE94148704A700FAF49C /* CalculatorAppDelegate.m in Sources */,
				3B84CE9A148704A700FAF49C /* CalculatorViewController.m in Sources */,
				3B84CEA21488514100FAF49C /* CalculatorBrain.m in Sources */,
				3B4BF1EF14A3C35400AEC565 /* AxesDrawer.m in Sources */,
				3B4BF1F414A3C38C00AEC565 /* CalculatorGraphViewController.m in Sources */,
				3B4BF1F814A3E6D900AEC565 /* CalculatorGraphView.m in Sources */,
				3B85DA9814D36C1A00E00A16 /* CalculatorFavoritesTableViewController.m in Sources */,
			);
			runOnlyForDeploymentPostprocessing = 0;
		};
/* End PBXSourcesBuildPhase section */

/* Begin PBXVariantGroup section */
		3B84CE8C148704A700FAF49C /* InfoPlist.strings */ = {
			isa = PBXVariantGroup;
			children = (
				3B84CE8D148704A700FAF49C /* en */,
			);
			name = InfoPlist.strings;
			sourceTree = "<group>";
		};
		3B84CE95148704A700FAF49C /* iPhone.storyboard */ = {
			isa = PBXVariantGroup;
			children = (
				3B84CE96148704A700FAF49C /* en */,
			);
			name = iPhone.storyboard;
			sourceTree = "<group>";
		};
/* End PBXVariantGroup section */

/* Begin XCBuildConfiguration section */
		3B84CE9B148704A700FAF49C /* Debug */ = {
			isa = XCBuildConfiguration;
			buildSettings = {
				ALWAYS_SEARCH_USER_PATHS = NO;
				ARCHS = "$(ARCHS_STANDARD_32_BIT)";
				CLANG_ENABLE_OBJC_ARC = YES;
				"CODE_SIGN_IDENTITY[sdk=iphoneos*]" = "iPhone Developer";
				COPY_PHASE_STRIP = NO;
				GCC_C_LANGUAGE_STANDARD = gnu99;
				GCC_DYNAMIC_NO_PIC = NO;
				GCC_OPTIMIZATION_LEVEL = 0;
				GCC_PREPROCESSOR_DEFINITIONS = (
					"DEBUG=1",
					"$(inherited)",
				);
				GCC_SYMBOLS_PRIVATE_EXTERN = NO;
				GCC_VERSION = com.apple.compilers.llvm.clang.1_0;
				GCC_WARN_ABOUT_MISSING_PROTOTYPES = YES;
				GCC_WARN_ABOUT_RETURN_TYPE = YES;
				GCC_WARN_UNUSED_VARIABLE = YES;
				IPHONEOS_DEPLOYMENT_TARGET = 5.0;
				SDKROOT = iphoneos;
			};
			name = Debug;
		};
		3B84CE9C148704A700FAF49C /* Release */ = {
			isa = XCBuildConfiguration;
			buildSettings = {
				ALWAYS_SEARCH_USER_PATHS = NO;
				ARCHS = "$(ARCHS_STANDARD_32_BIT)";
				CLANG_ENABLE_OBJC_ARC = YES;
				"CODE_SIGN_IDENTITY[sdk=iphoneos*]" = "iPhone Developer";
				COPY_PHASE_STRIP = YES;
				GCC_C_LANGUAGE_STANDARD = gnu99;
				GCC_VERSION = com.apple.compilers.llvm.clang.1_0;
				GCC_WARN_ABOUT_MISSING_PROTOTYPES = YES;
				GCC_WARN_ABOUT_RETURN_TYPE = YES;
				GCC_WARN_UNUSED_VARIABLE = YES;
				IPHONEOS_DEPLOYMENT_TARGET = 5.0;
				OTHER_CFLAGS = "-DNS_BLOCK_ASSERTIONS=1";
				SDKROOT = iphoneos;
				VALIDATE_PRODUCT = YES;
			};
			name = Release;
		};
		3B84CE9E148704A700FAF49C /* Debug */ = {
			isa = XCBuildConfiguration;
			buildSettings = {
				GCC_PRECOMPILE_PREFIX_HEADER = YES;
				GCC_PREFIX_HEADER = "Calculator/Calculator-Prefix.pch";
				INFOPLIST_FILE = "Calculator/Calculator-Info.plist";
				IPHONEOS_DEPLOYMENT_TARGET = 5.0;
				PRODUCT_NAME = "$(TARGET_NAME)";
				TARGETED_DEVICE_FAMILY = "1,2";
				WRAPPER_EXTENSION = app;
			};
			name = Debug;
		};
		3B84CE9F148704A700FAF49C /* Release */ = {
			isa = XCBuildConfiguration;
			buildSettings = {
				GCC_PRECOMPILE_PREFIX_HEADER = YES;
				GCC_PREFIX_HEADER = "Calculator/Calculator-Prefix.pch";
				INFOPLIST_FILE = "Calculator/Calculator-Info.plist";
				IPHONEOS_DEPLOYMENT_TARGET = 5.0;
				PRODUCT_NAME = "$(TARGET_NAME)";
				TARGETED_DEVICE_FAMILY = "1,2";
				WRAPPER_EXTENSION = app;
			};
			name = Release;
		};
/* End XCBuildConfiguration section */

/* Begin XCConfigurationList section */
		3B84CE79148704A600FAF49C /* Build configuration list for PBXProject "Calculator" */ = {
			isa = XCConfigurationList;
			buildConfigurations = (
				3B84CE9B148704A700FAF49C /* Debug */,
				3B84CE9C148704A700FAF49C /* Release */,
			);
			defaultConfigurationIsVisible = 0;
			defaultConfigurationName = Release;
		};
		3B84CE9D148704A700FAF49C /* Build configuration list for PBXNativeTarget "Calculator" */ = {
			isa = XCConfigurationList;
			buildConfigurations = (
				3B84CE9E148704A700FAF49C /* Debug */,
				3B84CE9F148704A700FAF49C /* Release */,
			);
			defaultConfigurationIsVisible = 0;
			defaultConfigurationName = Release;
		};
/* End XCConfigurationList section */
	};
	rootObject = 3B84CE76148704A600FAF49C /* Project object */;
}
